// !$*UTF8*$!
{
	archiveVersion = 1;
	classes = {
	};
	objectVersion = 56;
	objects = {

/* Begin PBXBuildFile section */
		B02138432BE3587900AEBC3A /* AppDelegate.swift in Sources */ = {isa = PBXBuildFile; fileRef = B02138422BE3587900AEBC3A /* AppDelegate.swift */; };
		B02138452BE3587900AEBC3A /* SceneDelegate.swift in Sources */ = {isa = PBXBuildFile; fileRef = B02138442BE3587900AEBC3A /* SceneDelegate.swift */; };
		B02138472BE3587900AEBC3A /* NoteViewController.swift in Sources */ = {isa = PBXBuildFile; fileRef = B02138462BE3587900AEBC3A /* NoteViewController.swift */; };
		B021384A2BE3587900AEBC3A /* Base in Resources */ = {isa = PBXBuildFile; fileRef = B02138492BE3587900AEBC3A /* Base */; };
		B021384C2BE3587B00AEBC3A /* Assets.xcassets in Resources */ = {isa = PBXBuildFile; fileRef = B021384B2BE3587B00AEBC3A /* Assets.xcassets */; };
		B021384F2BE3587B00AEBC3A /* Base in Resources */ = {isa = PBXBuildFile; fileRef = B021384E2BE3587B00AEBC3A /* Base */; };
		B0283D3E2BF45DFB00F07057 /* TodoViewController.swift in Sources */ = {isa = PBXBuildFile; fileRef = B0283D3D2BF45DFB00F07057 /* TodoViewController.swift */; };
		B0CB3EF22BFB313E006E7CCC /* NoteViewModel.swift in Sources */ = {isa = PBXBuildFile; fileRef = B0CB3EF12BFB313E006E7CCC /* NoteViewModel.swift */; };
		B0CB3EF52BFB37BF006E7CCC /* TodoViewModel.swift in Sources */ = {isa = PBXBuildFile; fileRef = B0CB3EF42BFB37BF006E7CCC /* TodoViewModel.swift */; };
		B0CB3EF72BFB37CA006E7CCC /* TodoModel.swift in Sources */ = {isa = PBXBuildFile; fileRef = B0CB3EF62BFB37CA006E7CCC /* TodoModel.swift */; };
		B0CB3F032BFC3BD1006E7CCC /* Localizable.strings in Resources */ = {isa = PBXBuildFile; fileRef = B0CB3F012BFC3BD1006E7CCC /* Localizable.strings */; };
		B0CB3F0B2BFC9DF0006E7CCC /* WidgetKit.framework in Frameworks */ = {isa = PBXBuildFile; fileRef = B0CB3F0A2BFC9DF0006E7CCC /* WidgetKit.framework */; };
		B0CB3F0D2BFC9DF0006E7CCC /* SwiftUI.framework in Frameworks */ = {isa = PBXBuildFile; fileRef = B0CB3F0C2BFC9DF0006E7CCC /* SwiftUI.framework */; };
		B0CB3F102BFC9DF0006E7CCC /* noteWidgetConfiguration.swift in Sources */ = {isa = PBXBuildFile; fileRef = B0CB3F0F2BFC9DF0006E7CCC /* noteWidgetConfiguration.swift */; };
		B0CB3F142BFC9DF0006E7CCC /* noteWidgetView.swift in Sources */ = {isa = PBXBuildFile; fileRef = B0CB3F132BFC9DF0006E7CCC /* noteWidgetView.swift */; };
		B0CB3F1A2BFC9DF2006E7CCC /* noteWidgetExtension.appex in Embed Foundation Extensions */ = {isa = PBXBuildFile; fileRef = B0CB3F092BFC9DEF006E7CCC /* noteWidgetExtension.appex */; settings = {ATTRIBUTES = (RemoveHeadersOnCopy, ); }; };
		B0CB3F282BFDA22D006E7CCC /* IQKeyboardManagerSwift in Frameworks */ = {isa = PBXBuildFile; productRef = B0CB3F272BFDA22D006E7CCC /* IQKeyboardManagerSwift */; };
		B0CB3F292BFDA4BD006E7CCC /* NoteModel.swift in Sources */ = {isa = PBXBuildFile; fileRef = B0D4EA122BE377DC00F3CE12 /* NoteModel.swift */; };
		B0CB3F2A2BFDCFA8006E7CCC /* NoteViewModel.swift in Sources */ = {isa = PBXBuildFile; fileRef = B0CB3EF12BFB313E006E7CCC /* NoteViewModel.swift */; };
		B0CB3F2C2BFDDE68006E7CCC /* noteWidgetEntry.swift in Sources */ = {isa = PBXBuildFile; fileRef = B0CB3F2B2BFDDDAA006E7CCC /* noteWidgetEntry.swift */; };
		B0CB3F2E2BFDDF0C006E7CCC /* noteWidgetTimelineProvider.swift in Sources */ = {isa = PBXBuildFile; fileRef = B0CB3F2D2BFDDF07006E7CCC /* noteWidgetTimelineProvider.swift */; };
		B0CB3F312BFF0BE2006E7CCC /* Localizable.strings in Resources */ = {isa = PBXBuildFile; fileRef = B0CB3F012BFC3BD1006E7CCC /* Localizable.strings */; };
		B0CB3F342BFF10AA006E7CCC /* InfoPlist.strings in Resources */ = {isa = PBXBuildFile; fileRef = B0CB3F322BFF10A9006E7CCC /* InfoPlist.strings */; };
		B0D4E9FA2BE35ED500F3CE12 /* NoteCell.swift in Sources */ = {isa = PBXBuildFile; fileRef = B0D4E9F92BE35ED500F3CE12 /* NoteCell.swift */; };
		B0D4E9FC2BE35F6000F3CE12 /* UIViewEx.swift in Sources */ = {isa = PBXBuildFile; fileRef = B0D4E9FB2BE35F6000F3CE12 /* UIViewEx.swift */; };
		B0D4EA0E2BE36E8C00F3CE12 /* NoteContentViewController.swift in Sources */ = {isa = PBXBuildFile; fileRef = B0D4EA0D2BE36E8C00F3CE12 /* NoteContentViewController.swift */; };
		B0D4EA132BE377DC00F3CE12 /* NoteModel.swift in Sources */ = {isa = PBXBuildFile; fileRef = B0D4EA122BE377DC00F3CE12 /* NoteModel.swift */; };
		B0D4EA182BE4D37600F3CE12 /* Print.swift in Sources */ = {isa = PBXBuildFile; fileRef = B0D4EA172BE4D37600F3CE12 /* Print.swift */; };
		C06E6AE5891C55DAB027D758 /* Pods_note.framework in Frameworks */ = {isa = PBXBuildFile; fileRef = 797CA1E9A8A1C2C7051563CD /* Pods_note.framework */; };
		E7DD306342ECD4528CAE9E6A /* Pods_noteWidgetExtension.framework in Frameworks */ = {isa = PBXBuildFile; fileRef = 5023C1ACF61F7879FB1B1226 /* Pods_noteWidgetExtension.framework */; };
/* End PBXBuildFile section */

/* Begin PBXContainerItemProxy section */
		B02138562BE3587B00AEBC3A /* PBXContainerItemProxy */ = {
			isa = PBXContainerItemProxy;
			containerPortal = B02138372BE3587900AEBC3A /* Project object */;
			proxyType = 1;
			remoteGlobalIDString = B021383E2BE3587900AEBC3A;
			remoteInfo = note;
		};
		B02138602BE3587B00AEBC3A /* PBXContainerItemProxy */ = {
			isa = PBXContainerItemProxy;
			containerPortal = B02138372BE3587900AEBC3A /* Project object */;
			proxyType = 1;
			remoteGlobalIDString = B021383E2BE3587900AEBC3A;
			remoteInfo = note;
		};
		B0CB3F182BFC9DF2006E7CCC /* PBXContainerItemProxy */ = {
			isa = PBXContainerItemProxy;
			containerPortal = B02138372BE3587900AEBC3A /* Project object */;
			proxyType = 1;
			remoteGlobalIDString = B0CB3F082BFC9DEF006E7CCC;
			remoteInfo = noteWidgetExtension;
		};
/* End PBXContainerItemProxy section */

/* Begin PBXCopyFilesBuildPhase section */
		B0CB3F1E2BFC9DF2006E7CCC /* Embed Foundation Extensions */ = {
			isa = PBXCopyFilesBuildPhase;
			buildActionMask = 2147483647;
			dstPath = "";
			dstSubfolderSpec = 13;
			files = (
				B0CB3F1A2BFC9DF2006E7CCC /* noteWidgetExtension.appex in Embed Foundation Extensions */,
			);
			name = "Embed Foundation Extensions";
			runOnlyForDeploymentPostprocessing = 0;
		};
/* End PBXCopyFilesBuildPhase section */

/* Begin PBXFileReference section */
		09932FAAA80075A879675ECF /* Pods-noteWidgetExtension.debug.xcconfig */ = {isa = PBXFileReference; includeInIndex = 1; lastKnownFileType = text.xcconfig; name = "Pods-noteWidgetExtension.debug.xcconfig"; path = "Target Support Files/Pods-noteWidgetExtension/Pods-noteWidgetExtension.debug.xcconfig"; sourceTree = "<group>"; };
		155410B581EC75C5A55ABFDF /* Pods-note.debug.xcconfig */ = {isa = PBXFileReference; includeInIndex = 1; lastKnownFileType = text.xcconfig; name = "Pods-note.debug.xcconfig"; path = "Target Support Files/Pods-note/Pods-note.debug.xcconfig"; sourceTree = "<group>"; };
		5023C1ACF61F7879FB1B1226 /* Pods_noteWidgetExtension.framework */ = {isa = PBXFileReference; explicitFileType = wrapper.framework; includeInIndex = 0; path = Pods_noteWidgetExtension.framework; sourceTree = BUILT_PRODUCTS_DIR; };
		797CA1E9A8A1C2C7051563CD /* Pods_note.framework */ = {isa = PBXFileReference; explicitFileType = wrapper.framework; includeInIndex = 0; path = Pods_note.framework; sourceTree = BUILT_PRODUCTS_DIR; };
		959780E68BB5D7A8DD41F98C /* Pods-noteWidgetExtension.release.xcconfig */ = {isa = PBXFileReference; includeInIndex = 1; lastKnownFileType = text.xcconfig; name = "Pods-noteWidgetExtension.release.xcconfig"; path = "Target Support Files/Pods-noteWidgetExtension/Pods-noteWidgetExtension.release.xcconfig"; sourceTree = "<group>"; };
		B021383F2BE3587900AEBC3A /* Note.app */ = {isa = PBXFileReference; explicitFileType = wrapper.application; includeInIndex = 0; path = Note.app; sourceTree = BUILT_PRODUCTS_DIR; };
		B02138422BE3587900AEBC3A /* AppDelegate.swift */ = {isa = PBXFileReference; lastKnownFileType = sourcecode.swift; path = AppDelegate.swift; sourceTree = "<group>"; };
		B02138442BE3587900AEBC3A /* SceneDelegate.swift */ = {isa = PBXFileReference; lastKnownFileType = sourcecode.swift; path = SceneDelegate.swift; sourceTree = "<group>"; };
		B02138462BE3587900AEBC3A /* NoteViewController.swift */ = {isa = PBXFileReference; lastKnownFileType = sourcecode.swift; path = NoteViewController.swift; sourceTree = "<group>"; };
		B02138492BE3587900AEBC3A /* Base */ = {isa = PBXFileReference; lastKnownFileType = file.storyboard; name = Base; path = Base.lproj/Main.storyboard; sourceTree = "<group>"; };
		B021384B2BE3587B00AEBC3A /* Assets.xcassets */ = {isa = PBXFileReference; lastKnownFileType = folder.assetcatalog; path = Assets.xcassets; sourceTree = "<group>"; };
		B021384E2BE3587B00AEBC3A /* Base */ = {isa = PBXFileReference; lastKnownFileType = file.storyboard; name = Base; path = Base.lproj/LaunchScreen.storyboard; sourceTree = "<group>"; };
		B02138502BE3587B00AEBC3A /* Info.plist */ = {isa = PBXFileReference; lastKnownFileType = text.plist.xml; path = Info.plist; sourceTree = "<group>"; };
		B02138552BE3587B00AEBC3A /* noteTests.xctest */ = {isa = PBXFileReference; explicitFileType = wrapper.cfbundle; includeInIndex = 0; path = noteTests.xctest; sourceTree = BUILT_PRODUCTS_DIR; };
		B021385F2BE3587B00AEBC3A /* noteUITests.xctest */ = {isa = PBXFileReference; explicitFileType = wrapper.cfbundle; includeInIndex = 0; path = noteUITests.xctest; sourceTree = BUILT_PRODUCTS_DIR; };
		B0283D3D2BF45DFB00F07057 /* TodoViewController.swift */ = {isa = PBXFileReference; lastKnownFileType = sourcecode.swift; path = TodoViewController.swift; sourceTree = "<group>"; };
		B0CB3EF12BFB313E006E7CCC /* NoteViewModel.swift */ = {isa = PBXFileReference; lastKnownFileType = sourcecode.swift; path = NoteViewModel.swift; sourceTree = "<group>"; };
		B0CB3EF42BFB37BF006E7CCC /* TodoViewModel.swift */ = {isa = PBXFileReference; lastKnownFileType = sourcecode.swift; path = TodoViewModel.swift; sourceTree = "<group>"; };
		B0CB3EF62BFB37CA006E7CCC /* TodoModel.swift */ = {isa = PBXFileReference; lastKnownFileType = sourcecode.swift; path = TodoModel.swift; sourceTree = "<group>"; };
		B0CB3EFD2BFC3B73006E7CCC /* en */ = {isa = PBXFileReference; lastKnownFileType = text.plist.strings; name = en; path = en.lproj/Main.strings; sourceTree = "<group>"; };
		B0CB3EFE2BFC3B73006E7CCC /* en */ = {isa = PBXFileReference; lastKnownFileType = text.plist.strings; name = en; path = en.lproj/LaunchScreen.strings; sourceTree = "<group>"; };
		B0CB3EFF2BFC3B82006E7CCC /* zh-Hant */ = {isa = PBXFileReference; lastKnownFileType = text.plist.strings; name = "zh-Hant"; path = "zh-Hant.lproj/Main.strings"; sourceTree = "<group>"; };
		B0CB3F002BFC3B82006E7CCC /* zh-Hant */ = {isa = PBXFileReference; lastKnownFileType = text.plist.strings; name = "zh-Hant"; path = "zh-Hant.lproj/LaunchScreen.strings"; sourceTree = "<group>"; };
		B0CB3F022BFC3BD1006E7CCC /* en */ = {isa = PBXFileReference; lastKnownFileType = text.plist.strings; name = en; path = en.lproj/Localizable.strings; sourceTree = "<group>"; };
		B0CB3F042BFC3BF8006E7CCC /* zh-Hant */ = {isa = PBXFileReference; lastKnownFileType = text.plist.strings; name = "zh-Hant"; path = "zh-Hant.lproj/Localizable.strings"; sourceTree = "<group>"; };
		B0CB3F092BFC9DEF006E7CCC /* noteWidgetExtension.appex */ = {isa = PBXFileReference; explicitFileType = "wrapper.app-extension"; includeInIndex = 0; path = noteWidgetExtension.appex; sourceTree = BUILT_PRODUCTS_DIR; };
		B0CB3F0A2BFC9DF0006E7CCC /* WidgetKit.framework */ = {isa = PBXFileReference; lastKnownFileType = wrapper.framework; name = WidgetKit.framework; path = System/Library/Frameworks/WidgetKit.framework; sourceTree = SDKROOT; };
		B0CB3F0C2BFC9DF0006E7CCC /* SwiftUI.framework */ = {isa = PBXFileReference; lastKnownFileType = wrapper.framework; name = SwiftUI.framework; path = System/Library/Frameworks/SwiftUI.framework; sourceTree = SDKROOT; };
		B0CB3F0F2BFC9DF0006E7CCC /* noteWidgetConfiguration.swift */ = {isa = PBXFileReference; lastKnownFileType = sourcecode.swift; path = noteWidgetConfiguration.swift; sourceTree = "<group>"; };
		B0CB3F132BFC9DF0006E7CCC /* noteWidgetView.swift */ = {isa = PBXFileReference; lastKnownFileType = sourcecode.swift; path = noteWidgetView.swift; sourceTree = "<group>"; };
		B0CB3F152BFC9DF2006E7CCC /* Assets.xcassets */ = {isa = PBXFileReference; lastKnownFileType = folder.assetcatalog; path = Assets.xcassets; sourceTree = "<group>"; };
		B0CB3F172BFC9DF2006E7CCC /* Info.plist */ = {isa = PBXFileReference; lastKnownFileType = text.plist.xml; path = Info.plist; sourceTree = "<group>"; };
		B0CB3F2B2BFDDDAA006E7CCC /* noteWidgetEntry.swift */ = {isa = PBXFileReference; lastKnownFileType = sourcecode.swift; path = noteWidgetEntry.swift; sourceTree = "<group>"; };
		B0CB3F2D2BFDDF07006E7CCC /* noteWidgetTimelineProvider.swift */ = {isa = PBXFileReference; lastKnownFileType = sourcecode.swift; path = noteWidgetTimelineProvider.swift; sourceTree = "<group>"; };
		B0CB3F2F2BFDE7BD006E7CCC /* note.entitlements */ = {isa = PBXFileReference; lastKnownFileType = text.plist.entitlements; path = note.entitlements; sourceTree = "<group>"; };
		B0CB3F302BFDE8B8006E7CCC /* noteWidgetExtension.entitlements */ = {isa = PBXFileReference; lastKnownFileType = text.plist.entitlements; path = noteWidgetExtension.entitlements; sourceTree = "<group>"; };
		B0CB3F332BFF10A9006E7CCC /* en */ = {isa = PBXFileReference; lastKnownFileType = text.plist.strings; name = en; path = en.lproj/InfoPlist.strings; sourceTree = "<group>"; };
		B0CB3F352BFF10AE006E7CCC /* zh-Hant */ = {isa = PBXFileReference; lastKnownFileType = text.plist.strings; name = "zh-Hant"; path = "zh-Hant.lproj/InfoPlist.strings"; sourceTree = "<group>"; };
		B0D4E9F92BE35ED500F3CE12 /* NoteCell.swift */ = {isa = PBXFileReference; lastKnownFileType = sourcecode.swift; path = NoteCell.swift; sourceTree = "<group>"; };
		B0D4E9FB2BE35F6000F3CE12 /* UIViewEx.swift */ = {isa = PBXFileReference; lastKnownFileType = sourcecode.swift; path = UIViewEx.swift; sourceTree = "<group>"; };
		B0D4EA0D2BE36E8C00F3CE12 /* NoteContentViewController.swift */ = {isa = PBXFileReference; lastKnownFileType = sourcecode.swift; path = NoteContentViewController.swift; sourceTree = "<group>"; };
		B0D4EA122BE377DC00F3CE12 /* NoteModel.swift */ = {isa = PBXFileReference; lastKnownFileType = sourcecode.swift; path = NoteModel.swift; sourceTree = "<group>"; };
		B0D4EA172BE4D37600F3CE12 /* Print.swift */ = {isa = PBXFileReference; lastKnownFileType = sourcecode.swift; path = Print.swift; sourceTree = "<group>"; };
		DD6324ADE9E4A608A0AB9C26 /* Pods-note.release.xcconfig */ = {isa = PBXFileReference; includeInIndex = 1; lastKnownFileType = text.xcconfig; name = "Pods-note.release.xcconfig"; path = "Target Support Files/Pods-note/Pods-note.release.xcconfig"; sourceTree = "<group>"; };
/* End PBXFileReference section */

/* Begin PBXFrameworksBuildPhase section */
		B021383C2BE3587900AEBC3A /* Frameworks */ = {
			isa = PBXFrameworksBuildPhase;
			buildActionMask = 2147483647;
			files = (
				C06E6AE5891C55DAB027D758 /* Pods_note.framework in Frameworks */,
				B0CB3F282BFDA22D006E7CCC /* IQKeyboardManagerSwift in Frameworks */,
			);
			runOnlyForDeploymentPostprocessing = 0;
		};
		B02138522BE3587B00AEBC3A /* Frameworks */ = {
			isa = PBXFrameworksBuildPhase;
			buildActionMask = 2147483647;
			files = (
			);
			runOnlyForDeploymentPostprocessing = 0;
		};
		B021385C2BE3587B00AEBC3A /* Frameworks */ = {
			isa = PBXFrameworksBuildPhase;
			buildActionMask = 2147483647;
			files = (
			);
			runOnlyForDeploymentPostprocessing = 0;
		};
		B0CB3F062BFC9DEF006E7CCC /* Frameworks */ = {
			isa = PBXFrameworksBuildPhase;
			buildActionMask = 2147483647;
			files = (
				B0CB3F0D2BFC9DF0006E7CCC /* SwiftUI.framework in Frameworks */,
				B0CB3F0B2BFC9DF0006E7CCC /* WidgetKit.framework in Frameworks */,
				E7DD306342ECD4528CAE9E6A /* Pods_noteWidgetExtension.framework in Frameworks */,
			);
			runOnlyForDeploymentPostprocessing = 0;
		};
/* End PBXFrameworksBuildPhase section */

/* Begin PBXGroup section */
		3FEC71FC7D5DA96347F39E94 /* Pods */ = {
			isa = PBXGroup;
			children = (
				155410B581EC75C5A55ABFDF /* Pods-note.debug.xcconfig */,
				DD6324ADE9E4A608A0AB9C26 /* Pods-note.release.xcconfig */,
				09932FAAA80075A879675ECF /* Pods-noteWidgetExtension.debug.xcconfig */,
				959780E68BB5D7A8DD41F98C /* Pods-noteWidgetExtension.release.xcconfig */,
			);
			path = Pods;
			sourceTree = "<group>";
		};
		B02138362BE3587900AEBC3A = {
			isa = PBXGroup;
			children = (
				B0CB3F302BFDE8B8006E7CCC /* noteWidgetExtension.entitlements */,
				B02138412BE3587900AEBC3A /* note */,
				B0CB3F0E2BFC9DF0006E7CCC /* noteWidget */,
				B02138402BE3587900AEBC3A /* Products */,
				3FEC71FC7D5DA96347F39E94 /* Pods */,
				B92289B1EFBE0C16E26CD4DD /* Frameworks */,
			);
			sourceTree = "<group>";
		};
		B02138402BE3587900AEBC3A /* Products */ = {
			isa = PBXGroup;
			children = (
				B021383F2BE3587900AEBC3A /* Note.app */,
				B02138552BE3587B00AEBC3A /* noteTests.xctest */,
				B021385F2BE3587B00AEBC3A /* noteUITests.xctest */,
				B0CB3F092BFC9DEF006E7CCC /* noteWidgetExtension.appex */,
			);
			name = Products;
			sourceTree = "<group>";
		};
		B02138412BE3587900AEBC3A /* note */ = {
			isa = PBXGroup;
			children = (
				B0CB3F2F2BFDE7BD006E7CCC /* note.entitlements */,
				B02138422BE3587900AEBC3A /* AppDelegate.swift */,
				B02138442BE3587900AEBC3A /* SceneDelegate.swift */,
				B0CB3EF32BFB376F006E7CCC /* Todo */,
				B0CB3EEB2BFB3017006E7CCC /* Note */,
				B0CB3EEF2BFB306C006E7CCC /* Extension */,
				B0CB3EF02BFB3086006E7CCC /* Helper */,
				B02138482BE3587900AEBC3A /* Main.storyboard */,
				B021384B2BE3587B00AEBC3A /* Assets.xcassets */,
				B021384D2BE3587B00AEBC3A /* LaunchScreen.storyboard */,
				B02138502BE3587B00AEBC3A /* Info.plist */,
			);
			path = note;
			sourceTree = "<group>";
		};
		B0CB3EEB2BFB3017006E7CCC /* Note */ = {
			isa = PBXGroup;
			children = (
				B0CB3EEC2BFB3031006E7CCC /* Model */,
				B0CB3EED2BFB3040006E7CCC /* View */,
				B0CB3EEE2BFB304B006E7CCC /* ViewModel */,
			);
			path = Note;
			sourceTree = "<group>";
		};
		B0CB3EEC2BFB3031006E7CCC /* Model */ = {
			isa = PBXGroup;
			children = (
				B0D4EA122BE377DC00F3CE12 /* NoteModel.swift */,
			);
			path = Model;
			sourceTree = "<group>";
		};
		B0CB3EED2BFB3040006E7CCC /* View */ = {
			isa = PBXGroup;
			children = (
				B02138462BE3587900AEBC3A /* NoteViewController.swift */,
				B0D4EA0D2BE36E8C00F3CE12 /* NoteContentViewController.swift */,
				B0D4E9F92BE35ED500F3CE12 /* NoteCell.swift */,
			);
			path = View;
			sourceTree = "<group>";
		};
		B0CB3EEE2BFB304B006E7CCC /* ViewModel */ = {
			isa = PBXGroup;
			children = (
				B0CB3EF12BFB313E006E7CCC /* NoteViewModel.swift */,
			);
			path = ViewModel;
			sourceTree = "<group>";
		};
		B0CB3EEF2BFB306C006E7CCC /* Extension */ = {
			isa = PBXGroup;
			children = (
				B0D4E9FB2BE35F6000F3CE12 /* UIViewEx.swift */,
			);
			path = Extension;
			sourceTree = "<group>";
		};
		B0CB3EF02BFB3086006E7CCC /* Helper */ = {
			isa = PBXGroup;
			children = (
				B0D4EA172BE4D37600F3CE12 /* Print.swift */,
				B0CB3F012BFC3BD1006E7CCC /* Localizable.strings */,
				B0CB3F322BFF10A9006E7CCC /* InfoPlist.strings */,
			);
			path = Helper;
			sourceTree = "<group>";
		};
		B0CB3EF32BFB376F006E7CCC /* Todo */ = {
			isa = PBXGroup;
			children = (
				B0CB3EFA2BFB37E0006E7CCC /* Model */,
				B0CB3EF82BFB37CE006E7CCC /* View */,
				B0CB3EF92BFB37D5006E7CCC /* ViewModel */,
			);
			path = Todo;
			sourceTree = "<group>";
		};
		B0CB3EF82BFB37CE006E7CCC /* View */ = {
			isa = PBXGroup;
			children = (
				B0283D3D2BF45DFB00F07057 /* TodoViewController.swift */,
			);
			path = View;
			sourceTree = "<group>";
		};
		B0CB3EF92BFB37D5006E7CCC /* ViewModel */ = {
			isa = PBXGroup;
			children = (
				B0CB3EF42BFB37BF006E7CCC /* TodoViewModel.swift */,
			);
			path = ViewModel;
			sourceTree = "<group>";
		};
		B0CB3EFA2BFB37E0006E7CCC /* Model */ = {
			isa = PBXGroup;
			children = (
				B0CB3EF62BFB37CA006E7CCC /* TodoModel.swift */,
			);
			path = Model;
			sourceTree = "<group>";
		};
		B0CB3F0E2BFC9DF0006E7CCC /* noteWidget */ = {
			isa = PBXGroup;
			children = (
				B0CB3F2B2BFDDDAA006E7CCC /* noteWidgetEntry.swift */,
				B0CB3F132BFC9DF0006E7CCC /* noteWidgetView.swift */,
				B0CB3F2D2BFDDF07006E7CCC /* noteWidgetTimelineProvider.swift */,
				B0CB3F0F2BFC9DF0006E7CCC /* noteWidgetConfiguration.swift */,
				B0CB3F152BFC9DF2006E7CCC /* Assets.xcassets */,
				B0CB3F172BFC9DF2006E7CCC /* Info.plist */,
			);
			path = noteWidget;
			sourceTree = "<group>";
		};
		B92289B1EFBE0C16E26CD4DD /* Frameworks */ = {
			isa = PBXGroup;
			children = (
				B0CB3F0A2BFC9DF0006E7CCC /* WidgetKit.framework */,
				B0CB3F0C2BFC9DF0006E7CCC /* SwiftUI.framework */,
				797CA1E9A8A1C2C7051563CD /* Pods_note.framework */,
				5023C1ACF61F7879FB1B1226 /* Pods_noteWidgetExtension.framework */,
			);
			name = Frameworks;
			sourceTree = "<group>";
		};
/* End PBXGroup section */

/* Begin PBXNativeTarget section */
		B021383E2BE3587900AEBC3A /* Note */ = {
			isa = PBXNativeTarget;
			buildConfigurationList = B02138692BE3587B00AEBC3A /* Build configuration list for PBXNativeTarget "Note" */;
			buildPhases = (
				BD77DBD338E43CF76A213DED /* [CP] Check Pods Manifest.lock */,
				B021383B2BE3587900AEBC3A /* Sources */,
				B021383C2BE3587900AEBC3A /* Frameworks */,
				B021383D2BE3587900AEBC3A /* Resources */,
				B0CB3F1E2BFC9DF2006E7CCC /* Embed Foundation Extensions */,
				6324ADD608F2117481B5E7CD /* [CP] Embed Pods Frameworks */,
			);
			buildRules = (
			);
			dependencies = (
				B0CB3F192BFC9DF2006E7CCC /* PBXTargetDependency */,
			);
			name = Note;
			packageProductDependencies = (
				B0CB3F272BFDA22D006E7CCC /* IQKeyboardManagerSwift */,
			);
			productName = note;
			productReference = B021383F2BE3587900AEBC3A /* Note.app */;
			productType = "com.apple.product-type.application";
		};
		B02138542BE3587B00AEBC3A /* noteTests */ = {
			isa = PBXNativeTarget;
			buildConfigurationList = B021386C2BE3587B00AEBC3A /* Build configuration list for PBXNativeTarget "noteTests" */;
			buildPhases = (
				B02138512BE3587B00AEBC3A /* Sources */,
				B02138522BE3587B00AEBC3A /* Frameworks */,
				B02138532BE3587B00AEBC3A /* Resources */,
			);
			buildRules = (
			);
			dependencies = (
				B02138572BE3587B00AEBC3A /* PBXTargetDependency */,
			);
			name = noteTests;
			productName = noteTests;
			productReference = B02138552BE3587B00AEBC3A /* noteTests.xctest */;
			productType = "com.apple.product-type.bundle.unit-test";
		};
		B021385E2BE3587B00AEBC3A /* noteUITests */ = {
			isa = PBXNativeTarget;
			buildConfigurationList = B021386F2BE3587B00AEBC3A /* Build configuration list for PBXNativeTarget "noteUITests" */;
			buildPhases = (
				B021385B2BE3587B00AEBC3A /* Sources */,
				B021385C2BE3587B00AEBC3A /* Frameworks */,
				B021385D2BE3587B00AEBC3A /* Resources */,
			);
			buildRules = (
			);
			dependencies = (
				B02138612BE3587B00AEBC3A /* PBXTargetDependency */,
			);
			name = noteUITests;
			productName = noteUITests;
			productReference = B021385F2BE3587B00AEBC3A /* noteUITests.xctest */;
			productType = "com.apple.product-type.bundle.ui-testing";
		};
		B0CB3F082BFC9DEF006E7CCC /* noteWidgetExtension */ = {
			isa = PBXNativeTarget;
			buildConfigurationList = B0CB3F1B2BFC9DF2006E7CCC /* Build configuration list for PBXNativeTarget "noteWidgetExtension" */;
			buildPhases = (
				0F73A3604A8C80590B6C55EC /* [CP] Check Pods Manifest.lock */,
				B0CB3F052BFC9DEF006E7CCC /* Sources */,
				B0CB3F062BFC9DEF006E7CCC /* Frameworks */,
				B0CB3F072BFC9DEF006E7CCC /* Resources */,
			);
			buildRules = (
			);
			dependencies = (
			);
			name = noteWidgetExtension;
			productName = noteWidgetExtension;
			productReference = B0CB3F092BFC9DEF006E7CCC /* noteWidgetExtension.appex */;
			productType = "com.apple.product-type.app-extension";
		};
/* End PBXNativeTarget section */

/* Begin PBXProject section */
		B02138372BE3587900AEBC3A /* Project object */ = {
			isa = PBXProject;
			attributes = {
				BuildIndependentTargetsInParallel = 1;
				LastSwiftUpdateCheck = 1530;
				LastUpgradeCheck = 1530;
				TargetAttributes = {
					B021383E2BE3587900AEBC3A = {
						CreatedOnToolsVersion = 15.3;
					};
					B02138542BE3587B00AEBC3A = {
						CreatedOnToolsVersion = 15.3;
						TestTargetID = B021383E2BE3587900AEBC3A;
					};
					B021385E2BE3587B00AEBC3A = {
						CreatedOnToolsVersion = 15.3;
						TestTargetID = B021383E2BE3587900AEBC3A;
					};
					B0CB3F082BFC9DEF006E7CCC = {
						CreatedOnToolsVersion = 15.3;
					};
				};
			};
			buildConfigurationList = B021383A2BE3587900AEBC3A /* Build configuration list for PBXProject "note" */;
			compatibilityVersion = "Xcode 14.0";
			developmentRegion = en;
			hasScannedForEncodings = 0;
			knownRegions = (
				en,
				Base,
				"zh-Hant",
			);
			mainGroup = B02138362BE3587900AEBC3A;
			packageReferences = (
				B0CB3F262BFDA22D006E7CCC /* XCRemoteSwiftPackageReference "IQKeyboardManager" */,
			);
			productRefGroup = B02138402BE3587900AEBC3A /* Products */;
			projectDirPath = "";
			projectRoot = "";
			targets = (
				B021383E2BE3587900AEBC3A /* Note */,
				B02138542BE3587B00AEBC3A /* noteTests */,
				B021385E2BE3587B00AEBC3A /* noteUITests */,
				B0CB3F082BFC9DEF006E7CCC /* noteWidgetExtension */,
			);
		};
/* End PBXProject section */

/* Begin PBXResourcesBuildPhase section */
		B021383D2BE3587900AEBC3A /* Resources */ = {
			isa = PBXResourcesBuildPhase;
			buildActionMask = 2147483647;
			files = (
				B021384C2BE3587B00AEBC3A /* Assets.xcassets in Resources */,
				B0CB3F032BFC3BD1006E7CCC /* Localizable.strings in Resources */,
				B021384F2BE3587B00AEBC3A /* Base in Resources */,
				B021384A2BE3587900AEBC3A /* Base in Resources */,
				B0CB3F342BFF10AA006E7CCC /* InfoPlist.strings in Resources */,
			);
			runOnlyForDeploymentPostprocessing = 0;
		};
		B02138532BE3587B00AEBC3A /* Resources */ = {
			isa = PBXResourcesBuildPhase;
			buildActionMask = 2147483647;
			files = (
			);
			runOnlyForDeploymentPostprocessing = 0;
		};
		B021385D2BE3587B00AEBC3A /* Resources */ = {
			isa = PBXResourcesBuildPhase;
			buildActionMask = 2147483647;
			files = (
			);
			runOnlyForDeploymentPostprocessing = 0;
		};
		B0CB3F072BFC9DEF006E7CCC /* Resources */ = {
			isa = PBXResourcesBuildPhase;
			buildActionMask = 2147483647;
			files = (
				B0CB3F312BFF0BE2006E7CCC /* Localizable.strings in Resources */,
			);
			runOnlyForDeploymentPostprocessing = 0;
		};
/* End PBXResourcesBuildPhase section */

/* Begin PBXShellScriptBuildPhase section */
		0F73A3604A8C80590B6C55EC /* [CP] Check Pods Manifest.lock */ = {
			isa = PBXShellScriptBuildPhase;
			buildActionMask = 2147483647;
			files = (
			);
			inputFileListPaths = (
			);
			inputPaths = (
				"${PODS_PODFILE_DIR_PATH}/Podfile.lock",
				"${PODS_ROOT}/Manifest.lock",
			);
			name = "[CP] Check Pods Manifest.lock";
			outputFileListPaths = (
			);
			outputPaths = (
				"$(DERIVED_FILE_DIR)/Pods-noteWidgetExtension-checkManifestLockResult.txt",
			);
			runOnlyForDeploymentPostprocessing = 0;
			shellPath = /bin/sh;
			shellScript = "diff \"${PODS_PODFILE_DIR_PATH}/Podfile.lock\" \"${PODS_ROOT}/Manifest.lock\" > /dev/null\nif [ $? != 0 ] ; then\n    # print error to STDERR\n    echo \"error: The sandbox is not in sync with the Podfile.lock. Run 'pod install' or update your CocoaPods installation.\" >&2\n    exit 1\nfi\n# This output is used by Xcode 'outputs' to avoid re-running this script phase.\necho \"SUCCESS\" > \"${SCRIPT_OUTPUT_FILE_0}\"\n";
			showEnvVarsInLog = 0;
		};
		6324ADD608F2117481B5E7CD /* [CP] Embed Pods Frameworks */ = {
			isa = PBXShellScriptBuildPhase;
			buildActionMask = 2147483647;
			files = (
			);
			inputFileListPaths = (
				"${PODS_ROOT}/Target Support Files/Pods-note/Pods-note-frameworks-${CONFIGURATION}-input-files.xcfilelist",
			);
			name = "[CP] Embed Pods Frameworks";
			outputFileListPaths = (
				"${PODS_ROOT}/Target Support Files/Pods-note/Pods-note-frameworks-${CONFIGURATION}-output-files.xcfilelist",
			);
			runOnlyForDeploymentPostprocessing = 0;
			shellPath = /bin/sh;
			shellScript = "\"${PODS_ROOT}/Target Support Files/Pods-note/Pods-note-frameworks.sh\"\n";
			showEnvVarsInLog = 0;
		};
		BD77DBD338E43CF76A213DED /* [CP] Check Pods Manifest.lock */ = {
			isa = PBXShellScriptBuildPhase;
			buildActionMask = 2147483647;
			files = (
			);
			inputFileListPaths = (
			);
			inputPaths = (
				"${PODS_PODFILE_DIR_PATH}/Podfile.lock",
				"${PODS_ROOT}/Manifest.lock",
			);
			name = "[CP] Check Pods Manifest.lock";
			outputFileListPaths = (
			);
			outputPaths = (
				"$(DERIVED_FILE_DIR)/Pods-note-checkManifestLockResult.txt",
			);
			runOnlyForDeploymentPostprocessing = 0;
			shellPath = /bin/sh;
			shellScript = "diff \"${PODS_PODFILE_DIR_PATH}/Podfile.lock\" \"${PODS_ROOT}/Manifest.lock\" > /dev/null\nif [ $? != 0 ] ; then\n    # print error to STDERR\n    echo \"error: The sandbox is not in sync with the Podfile.lock. Run 'pod install' or update your CocoaPods installation.\" >&2\n    exit 1\nfi\n# This output is used by Xcode 'outputs' to avoid re-running this script phase.\necho \"SUCCESS\" > \"${SCRIPT_OUTPUT_FILE_0}\"\n";
			showEnvVarsInLog = 0;
		};
/* End PBXShellScriptBuildPhase section */

/* Begin PBXSourcesBuildPhase section */
		B021383B2BE3587900AEBC3A /* Sources */ = {
			isa = PBXSourcesBuildPhase;
			buildActionMask = 2147483647;
			files = (
				B0CB3EF22BFB313E006E7CCC /* NoteViewModel.swift in Sources */,
				B0D4EA132BE377DC00F3CE12 /* NoteModel.swift in Sources */,
				B0D4E9FA2BE35ED500F3CE12 /* NoteCell.swift in Sources */,
				B0D4EA0E2BE36E8C00F3CE12 /* NoteContentViewController.swift in Sources */,
				B0283D3E2BF45DFB00F07057 /* TodoViewController.swift in Sources */,
				B0D4EA182BE4D37600F3CE12 /* Print.swift in Sources */,
				B02138472BE3587900AEBC3A /* NoteViewController.swift in Sources */,
				B02138432BE3587900AEBC3A /* AppDelegate.swift in Sources */,
				B02138452BE3587900AEBC3A /* SceneDelegate.swift in Sources */,
				B0CB3EF72BFB37CA006E7CCC /* TodoModel.swift in Sources */,
				B0CB3EF52BFB37BF006E7CCC /* TodoViewModel.swift in Sources */,
				B0D4E9FC2BE35F6000F3CE12 /* UIViewEx.swift in Sources */,
			);
			runOnlyForDeploymentPostprocessing = 0;
		};
		B02138512BE3587B00AEBC3A /* Sources */ = {
			isa = PBXSourcesBuildPhase;
			buildActionMask = 2147483647;
			files = (
			);
			runOnlyForDeploymentPostprocessing = 0;
		};
		B021385B2BE3587B00AEBC3A /* Sources */ = {
			isa = PBXSourcesBuildPhase;
			buildActionMask = 2147483647;
			files = (
			);
			runOnlyForDeploymentPostprocessing = 0;
		};
		B0CB3F052BFC9DEF006E7CCC /* Sources */ = {
			isa = PBXSourcesBuildPhase;
			buildActionMask = 2147483647;
			files = (
				B0CB3F2E2BFDDF0C006E7CCC /* noteWidgetTimelineProvider.swift in Sources */,
				B0CB3F2A2BFDCFA8006E7CCC /* NoteViewModel.swift in Sources */,
				B0CB3F292BFDA4BD006E7CCC /* NoteModel.swift in Sources */,
				B0CB3F2C2BFDDE68006E7CCC /* noteWidgetEntry.swift in Sources */,
				B0CB3F142BFC9DF0006E7CCC /* noteWidgetView.swift in Sources */,
				B0CB3F102BFC9DF0006E7CCC /* noteWidgetConfiguration.swift in Sources */,
			);
			runOnlyForDeploymentPostprocessing = 0;
		};
/* End PBXSourcesBuildPhase section */

/* Begin PBXTargetDependency section */
		B02138572BE3587B00AEBC3A /* PBXTargetDependency */ = {
			isa = PBXTargetDependency;
			target = B021383E2BE3587900AEBC3A /* Note */;
			targetProxy = B02138562BE3587B00AEBC3A /* PBXContainerItemProxy */;
		};
		B02138612BE3587B00AEBC3A /* PBXTargetDependency */ = {
			isa = PBXTargetDependency;
			target = B021383E2BE3587900AEBC3A /* Note */;
			targetProxy = B02138602BE3587B00AEBC3A /* PBXContainerItemProxy */;
		};
		B0CB3F192BFC9DF2006E7CCC /* PBXTargetDependency */ = {
			isa = PBXTargetDependency;
			target = B0CB3F082BFC9DEF006E7CCC /* noteWidgetExtension */;
			targetProxy = B0CB3F182BFC9DF2006E7CCC /* PBXContainerItemProxy */;
		};
/* End PBXTargetDependency section */

/* Begin PBXVariantGroup section */
		B02138482BE3587900AEBC3A /* Main.storyboard */ = {
			isa = PBXVariantGroup;
			children = (
				B02138492BE3587900AEBC3A /* Base */,
				B0CB3EFD2BFC3B73006E7CCC /* en */,
				B0CB3EFF2BFC3B82006E7CCC /* zh-Hant */,
			);
			name = Main.storyboard;
			sourceTree = "<group>";
		};
		B021384D2BE3587B00AEBC3A /* LaunchScreen.storyboard */ = {
			isa = PBXVariantGroup;
			children = (
				B021384E2BE3587B00AEBC3A /* Base */,
				B0CB3EFE2BFC3B73006E7CCC /* en */,
				B0CB3F002BFC3B82006E7CCC /* zh-Hant */,
			);
			name = LaunchScreen.storyboard;
			sourceTree = "<group>";
		};
		B0CB3F012BFC3BD1006E7CCC /* Localizable.strings */ = {
			isa = PBXVariantGroup;
			children = (
				B0CB3F022BFC3BD1006E7CCC /* en */,
				B0CB3F042BFC3BF8006E7CCC /* zh-Hant */,
			);
			name = Localizable.strings;
			sourceTree = "<group>";
		};
		B0CB3F322BFF10A9006E7CCC /* InfoPlist.strings */ = {
			isa = PBXVariantGroup;
			children = (
				B0CB3F332BFF10A9006E7CCC /* en */,
				B0CB3F352BFF10AE006E7CCC /* zh-Hant */,
			);
			name = InfoPlist.strings;
			sourceTree = "<group>";
		};
/* End PBXVariantGroup section */

/* Begin XCBuildConfiguration section */
		B02138672BE3587B00AEBC3A /* Debug */ = {
			isa = XCBuildConfiguration;
			buildSettings = {
				ALWAYS_SEARCH_USER_PATHS = NO;
				ASSETCATALOG_COMPILER_GENERATE_SWIFT_ASSET_SYMBOL_EXTENSIONS = YES;
				CLANG_ANALYZER_LOCALIZABILITY_NONLOCALIZED = YES;
				CLANG_ANALYZER_NONNULL = YES;
				CLANG_ANALYZER_NUMBER_OBJECT_CONVERSION = YES_AGGRESSIVE;
				CLANG_CXX_LANGUAGE_STANDARD = "gnu++20";
				CLANG_ENABLE_MODULES = YES;
				CLANG_ENABLE_OBJC_ARC = YES;
				CLANG_ENABLE_OBJC_WEAK = YES;
				CLANG_WARN_BLOCK_CAPTURE_AUTORELEASING = YES;
				CLANG_WARN_BOOL_CONVERSION = YES;
				CLANG_WARN_COMMA = YES;
				CLANG_WARN_CONSTANT_CONVERSION = YES;
				CLANG_WARN_DEPRECATED_OBJC_IMPLEMENTATIONS = YES;
				CLANG_WARN_DIRECT_OBJC_ISA_USAGE = YES_ERROR;
				CLANG_WARN_DOCUMENTATION_COMMENTS = YES;
				CLANG_WARN_EMPTY_BODY = YES;
				CLANG_WARN_ENUM_CONVERSION = YES;
				CLANG_WARN_INFINITE_RECURSION = YES;
				CLANG_WARN_INT_CONVERSION = YES;
				CLANG_WARN_NON_LITERAL_NULL_CONVERSION = YES;
				CLANG_WARN_OBJC_IMPLICIT_RETAIN_SELF = YES;
				CLANG_WARN_OBJC_LITERAL_CONVERSION = YES;
				CLANG_WARN_OBJC_ROOT_CLASS = YES_ERROR;
				CLANG_WARN_QUOTED_INCLUDE_IN_FRAMEWORK_HEADER = YES;
				CLANG_WARN_RANGE_LOOP_ANALYSIS = YES;
				CLANG_WARN_STRICT_PROTOTYPES = YES;
				CLANG_WARN_SUSPICIOUS_MOVE = YES;
				CLANG_WARN_UNGUARDED_AVAILABILITY = YES_AGGRESSIVE;
				CLANG_WARN_UNREACHABLE_CODE = YES;
				CLANG_WARN__DUPLICATE_METHOD_MATCH = YES;
				COPY_PHASE_STRIP = NO;
				DEBUG_INFORMATION_FORMAT = dwarf;
				ENABLE_STRICT_OBJC_MSGSEND = YES;
				ENABLE_TESTABILITY = YES;
				ENABLE_USER_SCRIPT_SANDBOXING = NO;
				GCC_C_LANGUAGE_STANDARD = gnu17;
				GCC_DYNAMIC_NO_PIC = NO;
				GCC_NO_COMMON_BLOCKS = YES;
				GCC_OPTIMIZATION_LEVEL = 0;
				GCC_PREPROCESSOR_DEFINITIONS = (
					"DEBUG=1",
					"$(inherited)",
				);
				GCC_WARN_64_TO_32_BIT_CONVERSION = YES;
				GCC_WARN_ABOUT_RETURN_TYPE = YES_ERROR;
				GCC_WARN_UNDECLARED_SELECTOR = YES;
				GCC_WARN_UNINITIALIZED_AUTOS = YES_AGGRESSIVE;
				GCC_WARN_UNUSED_FUNCTION = YES;
				GCC_WARN_UNUSED_VARIABLE = YES;
				IPHONEOS_DEPLOYMENT_TARGET = 17.4;
				LOCALIZATION_PREFERS_STRING_CATALOGS = YES;
				MTL_ENABLE_DEBUG_INFO = INCLUDE_SOURCE;
				MTL_FAST_MATH = YES;
				ONLY_ACTIVE_ARCH = YES;
				SDKROOT = iphoneos;
				SWIFT_ACTIVE_COMPILATION_CONDITIONS = "DEBUG $(inherited)";
				SWIFT_OPTIMIZATION_LEVEL = "-Onone";
			};
			name = Debug;
		};
		B02138682BE3587B00AEBC3A /* Release */ = {
			isa = XCBuildConfiguration;
			buildSettings = {
				ALWAYS_SEARCH_USER_PATHS = NO;
				ASSETCATALOG_COMPILER_GENERATE_SWIFT_ASSET_SYMBOL_EXTENSIONS = YES;
				CLANG_ANALYZER_LOCALIZABILITY_NONLOCALIZED = YES;
				CLANG_ANALYZER_NONNULL = YES;
				CLANG_ANALYZER_NUMBER_OBJECT_CONVERSION = YES_AGGRESSIVE;
				CLANG_CXX_LANGUAGE_STANDARD = "gnu++20";
				CLANG_ENABLE_MODULES = YES;
				CLANG_ENABLE_OBJC_ARC = YES;
				CLANG_ENABLE_OBJC_WEAK = YES;
				CLANG_WARN_BLOCK_CAPTURE_AUTORELEASING = YES;
				CLANG_WARN_BOOL_CONVERSION = YES;
				CLANG_WARN_COMMA = YES;
				CLANG_WARN_CONSTANT_CONVERSION = YES;
				CLANG_WARN_DEPRECATED_OBJC_IMPLEMENTATIONS = YES;
				CLANG_WARN_DIRECT_OBJC_ISA_USAGE = YES_ERROR;
				CLANG_WARN_DOCUMENTATION_COMMENTS = YES;
				CLANG_WARN_EMPTY_BODY = YES;
				CLANG_WARN_ENUM_CONVERSION = YES;
				CLANG_WARN_INFINITE_RECURSION = YES;
				CLANG_WARN_INT_CONVERSION = YES;
				CLANG_WARN_NON_LITERAL_NULL_CONVERSION = YES;
				CLANG_WARN_OBJC_IMPLICIT_RETAIN_SELF = YES;
				CLANG_WARN_OBJC_LITERAL_CONVERSION = YES;
				CLANG_WARN_OBJC_ROOT_CLASS = YES_ERROR;
				CLANG_WARN_QUOTED_INCLUDE_IN_FRAMEWORK_HEADER = YES;
				CLANG_WARN_RANGE_LOOP_ANALYSIS = YES;
				CLANG_WARN_STRICT_PROTOTYPES = YES;
				CLANG_WARN_SUSPICIOUS_MOVE = YES;
				CLANG_WARN_UNGUARDED_AVAILABILITY = YES_AGGRESSIVE;
				CLANG_WARN_UNREACHABLE_CODE = YES;
				CLANG_WARN__DUPLICATE_METHOD_MATCH = YES;
				COPY_PHASE_STRIP = NO;
				DEBUG_INFORMATION_FORMAT = "dwarf-with-dsym";
				ENABLE_NS_ASSERTIONS = NO;
				ENABLE_STRICT_OBJC_MSGSEND = YES;
				ENABLE_USER_SCRIPT_SANDBOXING = NO;
				GCC_C_LANGUAGE_STANDARD = gnu17;
				GCC_NO_COMMON_BLOCKS = YES;
				GCC_WARN_64_TO_32_BIT_CONVERSION = YES;
				GCC_WARN_ABOUT_RETURN_TYPE = YES_ERROR;
				GCC_WARN_UNDECLARED_SELECTOR = YES;
				GCC_WARN_UNINITIALIZED_AUTOS = YES_AGGRESSIVE;
				GCC_WARN_UNUSED_FUNCTION = YES;
				GCC_WARN_UNUSED_VARIABLE = YES;
				IPHONEOS_DEPLOYMENT_TARGET = 17.4;
				LOCALIZATION_PREFERS_STRING_CATALOGS = YES;
				MTL_ENABLE_DEBUG_INFO = NO;
				MTL_FAST_MATH = YES;
				SDKROOT = iphoneos;
				SWIFT_COMPILATION_MODE = wholemodule;
				VALIDATE_PRODUCT = YES;
			};
			name = Release;
		};
		B021386A2BE3587B00AEBC3A /* Debug */ = {
			isa = XCBuildConfiguration;
			baseConfigurationReference = 155410B581EC75C5A55ABFDF /* Pods-note.debug.xcconfig */;
			buildSettings = {
				ALWAYS_EMBED_SWIFT_STANDARD_LIBRARIES = YES;
				ASSETCATALOG_COMPILER_APPICON_NAME = AppIcon;
				ASSETCATALOG_COMPILER_GLOBAL_ACCENT_COLOR_NAME = AccentColor;
				CODE_SIGN_ENTITLEMENTS = note/note.entitlements;
				CODE_SIGN_STYLE = Automatic;
				CURRENT_PROJECT_VERSION = 3;
				DEVELOPMENT_TEAM = AU35TTDRL8;
				GENERATE_INFOPLIST_FILE = YES;
				INFOPLIST_FILE = note/Info.plist;
				INFOPLIST_KEY_UIApplicationSupportsIndirectInputEvents = YES;
				INFOPLIST_KEY_UILaunchStoryboardName = LaunchScreen;
				INFOPLIST_KEY_UIMainStoryboardFile = Main;
				INFOPLIST_KEY_UISupportedInterfaceOrientations_iPad = "UIInterfaceOrientationPortrait UIInterfaceOrientationPortraitUpsideDown UIInterfaceOrientationLandscapeLeft UIInterfaceOrientationLandscapeRight";
				INFOPLIST_KEY_UISupportedInterfaceOrientations_iPhone = "UIInterfaceOrientationPortrait UIInterfaceOrientationLandscapeLeft UIInterfaceOrientationLandscapeRight";
				IPHONEOS_DEPLOYMENT_TARGET = 17.4;
				LD_RUNPATH_SEARCH_PATHS = (
					"$(inherited)",
					"@executable_path/Frameworks",
				);
				MARKETING_VERSION = 1.0;
				PRODUCT_BUNDLE_IDENTIFIER = com.chunli.note;
				PRODUCT_NAME = "$(TARGET_NAME)";
				SUPPORTED_PLATFORMS = "iphoneos iphonesimulator";
				SUPPORTS_MACCATALYST = NO;
				SUPPORTS_MAC_DESIGNED_FOR_IPHONE_IPAD = NO;
				SUPPORTS_XR_DESIGNED_FOR_IPHONE_IPAD = NO;
				SWIFT_EMIT_LOC_STRINGS = YES;
				SWIFT_VERSION = 5.0;
				TARGETED_DEVICE_FAMILY = 1;
			};
			name = Debug;
		};
		B021386B2BE3587B00AEBC3A /* Release */ = {
			isa = XCBuildConfiguration;
			baseConfigurationReference = DD6324ADE9E4A608A0AB9C26 /* Pods-note.release.xcconfig */;
			buildSettings = {
				ALWAYS_EMBED_SWIFT_STANDARD_LIBRARIES = YES;
				ASSETCATALOG_COMPILER_APPICON_NAME = AppIcon;
				ASSETCATALOG_COMPILER_GLOBAL_ACCENT_COLOR_NAME = AccentColor;
				CODE_SIGN_ENTITLEMENTS = note/note.entitlements;
				CODE_SIGN_STYLE = Automatic;
				CURRENT_PROJECT_VERSION = 3;
				DEVELOPMENT_TEAM = AU35TTDRL8;
				GENERATE_INFOPLIST_FILE = YES;
				INFOPLIST_FILE = note/Info.plist;
				INFOPLIST_KEY_UIApplicationSupportsIndirectInputEvents = YES;
				INFOPLIST_KEY_UILaunchStoryboardName = LaunchScreen;
				INFOPLIST_KEY_UIMainStoryboardFile = Main;
				INFOPLIST_KEY_UISupportedInterfaceOrientations_iPad = "UIInterfaceOrientationPortrait UIInterfaceOrientationPortraitUpsideDown UIInterfaceOrientationLandscapeLeft UIInterfaceOrientationLandscapeRight";
				INFOPLIST_KEY_UISupportedInterfaceOrientations_iPhone = "UIInterfaceOrientationPortrait UIInterfaceOrientationLandscapeLeft UIInterfaceOrientationLandscapeRight";
				IPHONEOS_DEPLOYMENT_TARGET = 17.4;
				LD_RUNPATH_SEARCH_PATHS = (
					"$(inherited)",
					"@executable_path/Frameworks",
				);
				MARKETING_VERSION = 1.0;
				PRODUCT_BUNDLE_IDENTIFIER = com.chunli.note;
				PRODUCT_NAME = "$(TARGET_NAME)";
				SUPPORTED_PLATFORMS = "iphoneos iphonesimulator";
				SUPPORTS_MACCATALYST = NO;
				SUPPORTS_MAC_DESIGNED_FOR_IPHONE_IPAD = NO;
				SUPPORTS_XR_DESIGNED_FOR_IPHONE_IPAD = NO;
				SWIFT_EMIT_LOC_STRINGS = YES;
				SWIFT_VERSION = 5.0;
				TARGETED_DEVICE_FAMILY = 1;
			};
			name = Release;
		};
		B021386D2BE3587B00AEBC3A /* Debug */ = {
			isa = XCBuildConfiguration;
			buildSettings = {
				ALWAYS_EMBED_SWIFT_STANDARD_LIBRARIES = YES;
				BUNDLE_LOADER = "$(TEST_HOST)";
				CODE_SIGN_STYLE = Automatic;
				CURRENT_PROJECT_VERSION = 1;
				DEVELOPMENT_TEAM = C3YC99J79F;
				GENERATE_INFOPLIST_FILE = YES;
				IPHONEOS_DEPLOYMENT_TARGET = 17.4;
				MARKETING_VERSION = 1.0;
				PRODUCT_BUNDLE_IDENTIFIER = com.roy.noteTests;
				PRODUCT_NAME = "$(TARGET_NAME)";
				SWIFT_EMIT_LOC_STRINGS = NO;
				SWIFT_VERSION = 5.0;
				TARGETED_DEVICE_FAMILY = "1,2";
				TEST_HOST = "$(BUILT_PRODUCTS_DIR)/note.app/$(BUNDLE_EXECUTABLE_FOLDER_PATH)/note";
			};
			name = Debug;
		};
		B021386E2BE3587B00AEBC3A /* Release */ = {
			isa = XCBuildConfiguration;
			buildSettings = {
				ALWAYS_EMBED_SWIFT_STANDARD_LIBRARIES = YES;
				BUNDLE_LOADER = "$(TEST_HOST)";
				CODE_SIGN_STYLE = Automatic;
				CURRENT_PROJECT_VERSION = 1;
				DEVELOPMENT_TEAM = C3YC99J79F;
				GENERATE_INFOPLIST_FILE = YES;
				IPHONEOS_DEPLOYMENT_TARGET = 17.4;
				MARKETING_VERSION = 1.0;
				PRODUCT_BUNDLE_IDENTIFIER = com.roy.noteTests;
				PRODUCT_NAME = "$(TARGET_NAME)";
				SWIFT_EMIT_LOC_STRINGS = NO;
				SWIFT_VERSION = 5.0;
				TARGETED_DEVICE_FAMILY = "1,2";
				TEST_HOST = "$(BUILT_PRODUCTS_DIR)/note.app/$(BUNDLE_EXECUTABLE_FOLDER_PATH)/note";
			};
			name = Release;
		};
		B02138702BE3587B00AEBC3A /* Debug */ = {
			isa = XCBuildConfiguration;
			buildSettings = {
				ALWAYS_EMBED_SWIFT_STANDARD_LIBRARIES = YES;
				CODE_SIGN_STYLE = Automatic;
				CURRENT_PROJECT_VERSION = 1;
				DEVELOPMENT_TEAM = C3YC99J79F;
				GENERATE_INFOPLIST_FILE = YES;
				MARKETING_VERSION = 1.0;
				PRODUCT_BUNDLE_IDENTIFIER = com.roy.noteUITests;
				PRODUCT_NAME = "$(TARGET_NAME)";
				SWIFT_EMIT_LOC_STRINGS = NO;
				SWIFT_VERSION = 5.0;
				TARGETED_DEVICE_FAMILY = "1,2";
				TEST_TARGET_NAME = note;
			};
			name = Debug;
		};
		B02138712BE3587B00AEBC3A /* Release */ = {
			isa = XCBuildConfiguration;
			buildSettings = {
				ALWAYS_EMBED_SWIFT_STANDARD_LIBRARIES = YES;
				CODE_SIGN_STYLE = Automatic;
				CURRENT_PROJECT_VERSION = 1;
				DEVELOPMENT_TEAM = C3YC99J79F;
				GENERATE_INFOPLIST_FILE = YES;
				MARKETING_VERSION = 1.0;
				PRODUCT_BUNDLE_IDENTIFIER = com.roy.noteUITests;
				PRODUCT_NAME = "$(TARGET_NAME)";
				SWIFT_EMIT_LOC_STRINGS = NO;
				SWIFT_VERSION = 5.0;
				TARGETED_DEVICE_FAMILY = "1,2";
				TEST_TARGET_NAME = note;
			};
			name = Release;
		};
		B0CB3F1C2BFC9DF2006E7CCC /* Debug */ = {
			isa = XCBuildConfiguration;
			baseConfigurationReference = 09932FAAA80075A879675ECF /* Pods-noteWidgetExtension.debug.xcconfig */;
			buildSettings = {
				ASSETCATALOG_COMPILER_GLOBAL_ACCENT_COLOR_NAME = AccentColor;
				ASSETCATALOG_COMPILER_WIDGET_BACKGROUND_COLOR_NAME = WidgetBackground;
				CODE_SIGN_ENTITLEMENTS = noteWidgetExtension.entitlements;
				CODE_SIGN_STYLE = Automatic;
				CURRENT_PROJECT_VERSION = 1;
				DEVELOPMENT_TEAM = AU35TTDRL8;
				ENABLE_USER_SCRIPT_SANDBOXING = YES;
				GENERATE_INFOPLIST_FILE = YES;
				INFOPLIST_FILE = noteWidget/Info.plist;
				INFOPLIST_KEY_CFBundleDisplayName = noteWidget;
				INFOPLIST_KEY_NSHumanReadableCopyright = "";
				LD_RUNPATH_SEARCH_PATHS = (
					"$(inherited)",
					"@executable_path/Frameworks",
					"@executable_path/../../Frameworks",
				);
				MARKETING_VERSION = 1.0;
				PRODUCT_BUNDLE_IDENTIFIER = com.chunli.note.noteWidget;
				PRODUCT_NAME = "$(TARGET_NAME)";
				SKIP_INSTALL = YES;
				SUPPORTED_PLATFORMS = "iphoneos iphonesimulator";
				SUPPORTS_MACCATALYST = NO;
				SUPPORTS_MAC_DESIGNED_FOR_IPHONE_IPAD = NO;
				SUPPORTS_XR_DESIGNED_FOR_IPHONE_IPAD = NO;
				SWIFT_EMIT_LOC_STRINGS = YES;
				SWIFT_VERSION = 5.0;
				TARGETED_DEVICE_FAMILY = 1;
			};
			name = Debug;
		};
		B0CB3F1D2BFC9DF2006E7CCC /* Release */ = {
			isa = XCBuildConfiguration;
			baseConfigurationReference = 959780E68BB5D7A8DD41F98C /* Pods-noteWidgetExtension.release.xcconfig */;
			buildSettings = {
				ASSETCATALOG_COMPILER_GLOBAL_ACCENT_COLOR_NAME = AccentColor;
				ASSETCATALOG_COMPILER_WIDGET_BACKGROUND_COLOR_NAME = WidgetBackground;
				CODE_SIGN_ENTITLEMENTS = noteWidgetExtension.entitlements;
				CODE_SIGN_STYLE = Automatic;
				CURRENT_PROJECT_VERSION = 1;
				DEVELOPMENT_TEAM = AU35TTDRL8;
				ENABLE_USER_SCRIPT_SANDBOXING = YES;
				GENERATE_INFOPLIST_FILE = YES;
				INFOPLIST_FILE = noteWidget/Info.plist;
				INFOPLIST_KEY_CFBundleDisplayName = noteWidget;
				INFOPLIST_KEY_NSHumanReadableCopyright = "";
				LD_RUNPATH_SEARCH_PATHS = (
					"$(inherited)",
					"@executable_path/Frameworks",
					"@executable_path/../../Frameworks",
				);
				MARKETING_VERSION = 1.0;
				PRODUCT_BUNDLE_IDENTIFIER = com.chunli.note.noteWidget;
				PRODUCT_NAME = "$(TARGET_NAME)";
				SKIP_INSTALL = YES;
				SUPPORTED_PLATFORMS = "iphoneos iphonesimulator";
				SUPPORTS_MACCATALYST = NO;
				SUPPORTS_MAC_DESIGNED_FOR_IPHONE_IPAD = NO;
				SUPPORTS_XR_DESIGNED_FOR_IPHONE_IPAD = NO;
				SWIFT_EMIT_LOC_STRINGS = YES;
				SWIFT_VERSION = 5.0;
				TARGETED_DEVICE_FAMILY = 1;
			};
			name = Release;
		};
/* End XCBuildConfiguration section */

/* Begin XCConfigurationList section */
		B021383A2BE3587900AEBC3A /* Build configuration list for PBXProject "note" */ = {
			isa = XCConfigurationList;
			buildConfigurations = (
				B02138672BE3587B00AEBC3A /* Debug */,
				B02138682BE3587B00AEBC3A /* Release */,
			);
			defaultConfigurationIsVisible = 0;
			defaultConfigurationName = Release;
		};
		B02138692BE3587B00AEBC3A /* Build configuration list for PBXNativeTarget "Note" */ = {
			isa = XCConfigurationList;
			buildConfigurations = (
				B021386A2BE3587B00AEBC3A /* Debug */,
				B021386B2BE3587B00AEBC3A /* Release */,
			);
			defaultConfigurationIsVisible = 0;
			defaultConfigurationName = Release;
		};
		B021386C2BE3587B00AEBC3A /* Build configuration list for PBXNativeTarget "noteTests" */ = {
			isa = XCConfigurationList;
			buildConfigurations = (
				B021386D2BE3587B00AEBC3A /* Debug */,
				B021386E2BE3587B00AEBC3A /* Release */,
			);
			defaultConfigurationIsVisible = 0;
			defaultConfigurationName = Release;
		};
		B021386F2BE3587B00AEBC3A /* Build configuration list for PBXNativeTarget "noteUITests" */ = {
			isa = XCConfigurationList;
			buildConfigurations = (
				B02138702BE3587B00AEBC3A /* Debug */,
				B02138712BE3587B00AEBC3A /* Release */,
			);
			defaultConfigurationIsVisible = 0;
			defaultConfigurationName = Release;
		};
		B0CB3F1B2BFC9DF2006E7CCC /* Build configuration list for PBXNativeTarget "noteWidgetExtension" */ = {
			isa = XCConfigurationList;
			buildConfigurations = (
				B0CB3F1C2BFC9DF2006E7CCC /* Debug */,
				B0CB3F1D2BFC9DF2006E7CCC /* Release */,
			);
			defaultConfigurationIsVisible = 0;
			defaultConfigurationName = Release;
		};
/* End XCConfigurationList section */

/* Begin XCRemoteSwiftPackageReference section */
		B0CB3F262BFDA22D006E7CCC /* XCRemoteSwiftPackageReference "IQKeyboardManager" */ = {
			isa = XCRemoteSwiftPackageReference;
			repositoryURL = "https://github.com/hackiftekhar/IQKeyboardManager";
			requirement = {
				kind = upToNextMajorVersion;
				minimumVersion = 7.0.3;
			};
		};
/* End XCRemoteSwiftPackageReference section */

/* Begin XCSwiftPackageProductDependency section */
		B0CB3F272BFDA22D006E7CCC /* IQKeyboardManagerSwift */ = {
			isa = XCSwiftPackageProductDependency;
			package = B0CB3F262BFDA22D006E7CCC /* XCRemoteSwiftPackageReference "IQKeyboardManager" */;
			productName = IQKeyboardManagerSwift;
		};
/* End XCSwiftPackageProductDependency section */
	};
	rootObject = B02138372BE3587900AEBC3A /* Project object */;
}
